
Microsoft Visual Studio Solution File, Format Version 12.00
# Visual Studio Version 16
VisualStudioVersion = 16.0.29709.97
MinimumVisualStudioVersion = 10.0.40219.1
Project("{FAE04EC0-301F-11D3-BF4B-00C04F79EFBC}") = "toi", "toi.csproj", "{EB0EAFDC-3D05-4B2D-8C7B-421C3CBC9628}"
EndProject
Global
	GlobalSection(SolutionConfigurationPlatforms) = preSolution
		Debug|Any CPU = Debug|Any CPU
		Release|Any CPU = Release|Any CPU
	EndGlobalSection
	GlobalSection(ProjectConfigurationPlatforms) = postSolution
		{EB0EAFDC-3D05-4B2D-8C7B-421C3CBC9628}.Debug|Any CPU.ActiveCfg = Debug|Any CPU
		{EB0EAFDC-3D05-4B2D-8C7B-421C3CBC9628}.Debug|Any CPU.Build.0 = Debug|Any CPU
		{EB0EAFDC-3D05-4B2D-8C7B-421C3CBC9628}.Release|Any CPU.ActiveCfg = Release|Any CPU
		{EB0EAFDC-3D05-4B2D-8C7B-421C3CBC9628}.Release|Any CPU.Build.0 = Release|Any CPU
	EndGlobalSection
	GlobalSection(SolutionProperties) = preSolution
		HideSolutionNode = FALSE
	EndGlobalSection
	GlobalSection(ExtensibilityGlobals) = postSolution
		SolutionGuid = {EF21CAEF-67B3-4DA5-8923-272D98857462}
	EndGlobalSection
EndGlobal
